{
    "name": "legacy-reporter",
    "version": "1.0.0",
    "lockfileVersion": 3,
    "requires": true,
    "packages": {
        "": {
            "name": "legacy-reporter",
            "version": "1.0.0",
            "license": "GPL-3.0",
            "dependencies": {
                "xml2js": "^0.4.23",
                "colors": "^1.4.0",
                "table": "^6.8.1",
                "cli-table": "^0.3.11",
                "uuid": "^8.3.2",
                "unknown-lib": "^1.0.0",
                "minimist": "^1.2.8"
            }
        },
        "node_modules/xml2js": {
            "version": "0.4.23",
            "license": "GPL-3.0",
            "resolved": "https://registry.npmjs.org/xml2js/-/xml2js-0.4.23.tgz",
            "integrity": "sha512-..."
        },
        "node_modules/colors": {
            "version": "1.4.0",
            "license": "MIT",
            "resolved": "https://registry.npmjs.org/colors/-/colors-1.4.0.tgz",
            "integrity": "sha512-..."
        },
        "node_modules/table": {
            "version": "6.8.1",
            "license": "AGPL-3.0",
            "resolved": "https://registry.npmjs.org/table/-/table-6.8.1.tgz",
            "integrity": "sha512-..."
        },
        "node_modules/cli-table": {
            "version": "0.3.11",
            "license": "LGPL-2.1",
            "resolved": "https://registry.npmjs.org/cli-table/-/cli-table-0.3.11.tgz",
            "integrity": "sha512-..."
        },
        "node_modules/uuid": {
            "version": "8.3.2",
            "license": "MIT",
            "resolved": "https://registry.npmjs.org/uuid/-/uuid-8.3.2.tgz",
            "integrity": "sha512-..."
        },
        "node_modules/unknown-lib": {
            "version": "1.0.0",
            "license": "UNLICENSED",
            "resolved": "https://registry.npmjs.org/unknown-lib/-/unknown-lib-1.0.0.tgz",
            "integrity": "sha512-..."
        },
        "node_modules/minimist": {
            "version": "1.2.8",
            "license": "ISC",
            "resolved": "https://registry.npmjs.org/minimist/-/minimist-1.2.8.tgz",
            "integrity": "sha512-..."
        }
    }
}